
Microsoft Visual Studio Solution File, Format Version 12.00
# Visual Studio 15
VisualStudioVersion = 15.0.27428.1
MinimumVisualStudioVersion = 10.0.40219.1
Project("{8BC9CEB8-8B4A-11D0-8D11-00A0C91BC942}") = "最便宜路径", "最便宜路径\最便宜路径.vcxproj", "{CAC0D637-3AF4-40E7-AC12-33B2BFEC5977}"
EndProject
Project("{8BC9CEB8-8B4A-11D0-8D11-00A0C91BC942}") = "最省时间路径-无等待时间", "最省时间路径-无等待时间\最省时间路径-无等待时间.vcxproj", "{EAB1B71A-7130-4A0D-A9EC-5700D095EFE9}"
EndProject
Project("{8BC9CEB8-8B4A-11D0-8D11-00A0C91BC942}") = "最省时间路径-有等待时间", "最省时间路径-有等待时间\最省时间路径-有等待时间.vcxproj", "{CA69270B-F02E-4D7E-97D2-0268B7B12B01}"
EndProject
Project("{8BC9CEB8-8B4A-11D0-8D11-00A0C91BC942}") = "综合查询", "综合查询\综合查询.vcxproj", "{74C756E8-BD57-4C96-9F04-CE258E00F16E}"
EndProject
Global
	GlobalSection(SolutionConfigurationPlatforms) = preSolution
		Debug|x64 = Debug|x64
		Debug|x86 = Debug|x86
		Release|x64 = Release|x64
		Release|x86 = Release|x86
	EndGlobalSection
	GlobalSection(ProjectConfigurationPlatforms) = postSolution
		{CAC0D637-3AF4-40E7-AC12-33B2BFEC5977}.Debug|x64.ActiveCfg = Debug|x64
		{CAC0D637-3AF4-40E7-AC12-33B2BFEC5977}.Debug|x64.Build.0 = Debug|x64
		{CAC0D637-3AF4-40E7-AC12-33B2BFEC5977}.Debug|x86.ActiveCfg = Debug|Win32
		{CAC0D637-3AF4-40E7-AC12-33B2BFEC5977}.Debug|x86.Build.0 = Debug|Win32
		{CAC0D637-3AF4-40E7-AC12-33B2BFEC5977}.Release|x64.ActiveCfg = Release|x64
		{CAC0D637-3AF4-40E7-AC12-33B2BFEC5977}.Release|x64.Build.0 = Release|x64
		{CAC0D637-3AF4-40E7-AC12-33B2BFEC5977}.Release|x86.ActiveCfg = Release|Win32
		{CAC0D637-3AF4-40E7-AC12-33B2BFEC5977}.Release|x86.Build.0 = Release|Win32
		{EAB1B71A-7130-4A0D-A9EC-5700D095EFE9}.Debug|x64.ActiveCfg = Debug|x64
		{EAB1B71A-7130-4A0D-A9EC-5700D095EFE9}.Debug|x64.Build.0 = Debug|x64
		{EAB1B71A-7130-4A0D-A9EC-5700D095EFE9}.Debug|x86.ActiveCfg = Debug|Win32
		{EAB1B71A-7130-4A0D-A9EC-5700D095EFE9}.Debug|x86.Build.0 = Debug|Win32
		{EAB1B71A-7130-4A0D-A9EC-5700D095EFE9}.Release|x64.ActiveCfg = Release|x64
		{EAB1B71A-7130-4A0D-A9EC-5700D095EFE9}.Release|x64.Build.0 = Release|x64
		{EAB1B71A-7130-4A0D-A9EC-5700D095EFE9}.Release|x86.ActiveCfg = Release|Win32
		{EAB1B71A-7130-4A0D-A9EC-5700D095EFE9}.Release|x86.Build.0 = Release|Win32
		{CA69270B-F02E-4D7E-97D2-0268B7B12B01}.Debug|x64.ActiveCfg = Debug|x64
		{CA69270B-F02E-4D7E-97D2-0268B7B12B01}.Debug|x64.Build.0 = Debug|x64
		{CA69270B-F02E-4D7E-97D2-0268B7B12B01}.Debug|x86.ActiveCfg = Debug|Win32
		{CA69270B-F02E-4D7E-97D2-0268B7B12B01}.Debug|x86.Build.0 = Debug|Win32
		{CA69270B-F02E-4D7E-97D2-0268B7B12B01}.Release|x64.ActiveCfg = Release|x64
		{CA69270B-F02E-4D7E-97D2-0268B7B12B01}.Release|x64.Build.0 = Release|x64
		{CA69270B-F02E-4D7E-97D2-0268B7B12B01}.Release|x86.ActiveCfg = Release|Win32
		{CA69270B-F02E-4D7E-97D2-0268B7B12B01}.Release|x86.Build.0 = Release|Win32
		{74C756E8-BD57-4C96-9F04-CE258E00F16E}.Debug|x64.ActiveCfg = Debug|x64
		{74C756E8-BD57-4C96-9F04-CE258E00F16E}.Debug|x64.Build.0 = Debug|x64
		{74C756E8-BD57-4C96-9F04-CE258E00F16E}.Debug|x86.ActiveCfg = Debug|Win32
		{74C756E8-BD57-4C96-9F04-CE258E00F16E}.Debug|x86.Build.0 = Debug|Win32
		{74C756E8-BD57-4C96-9F04-CE258E00F16E}.Release|x64.ActiveCfg = Release|x64
		{74C756E8-BD57-4C96-9F04-CE258E00F16E}.Release|x64.Build.0 = Release|x64
		{74C756E8-BD57-4C96-9F04-CE258E00F16E}.Release|x86.ActiveCfg = Release|Win32
		{74C756E8-BD57-4C96-9F04-CE258E00F16E}.Release|x86.Build.0 = Release|Win32
	EndGlobalSection
	GlobalSection(SolutionProperties) = preSolution
		HideSolutionNode = FALSE
	EndGlobalSection
	GlobalSection(ExtensibilityGlobals) = postSolution
		SolutionGuid = {394BE96E-4863-4A0C-8FF5-6F140BDA8779}
	EndGlobalSection
EndGlobal
